{
    "_meta": {
        "hash": {
            "sha256": "3781ddfbfab575ee49a3e7ea5353e7763932ef7ad61debcf032acb6e38f81886"
        },
        "pipfile-spec": 6,
        "requires": {},
        "sources": [
            {
                "name": "pypi",
                "url": "https://pypi.org/simple",
                "verify_ssl": true
            }
        ]
    },
    "default": {},
    "develop": {
        "antlr4-python3-runtime": {
            "hashes": [
                "sha256:15793f5d0512a372b4e7d2284058ad32ce7dd27126b105fb0b2245130445db33"
            ],
            "index": "pypi",
            "version": "==4.8"
        },
        "attrs": {
            "hashes": [
                "sha256:29e95c7f6778868dbd49170f98f8818f78f3dc5e0e37c0b1f474e3561b240836",
                "sha256:c9227bfc2f01993c03f68db37d1d15c9690188323c067c641f1a35ca58185f99"
            ],
            "markers": "python_version >= '3.6'",
            "version": "==22.2.0"
        },
        "black": {
            "hashes": [
                "sha256:0052dba51dec07ed029ed61b18183942043e00008ec65d5028814afaab9a22fd",
                "sha256:0680d4380db3719ebcfb2613f34e86c8e6d15ffeabcf8ec59355c5e7b85bb555",
                "sha256:121ca7f10b4a01fd99951234abdbd97728e1240be89fde18480ffac16503d481",
                "sha256:162e37d49e93bd6eb6f1afc3e17a3d23a823042530c37c3c42eeeaf026f38468",
                "sha256:2a951cc83ab535d248c89f300eccbd625e80ab880fbcfb5ac8afb5f01a258ac9",
                "sha256:2bf649fda611c8550ca9d7592b69f0637218c2369b7744694c5e4902873b2f3a",
                "sha256:382998821f58e5c8238d3166c492139573325287820963d2f7de4d518bd76958",
                "sha256:49f7b39e30f326a34b5c9a4213213a6b221d7ae9d58ec70df1c4a307cf2a1580",
                "sha256:57c18c5165c1dbe291d5306e53fb3988122890e57bd9b3dcb75f967f13411a26",
                "sha256:7a0f701d314cfa0896b9001df70a530eb2472babb76086344e688829efd97d32",
                "sha256:8178318cb74f98bc571eef19068f6ab5613b3e59d4f47771582f04e175570ed8",
                "sha256:8b70eb40a78dfac24842458476135f9b99ab952dd3f2dab738c1881a9b38b753",
                "sha256:9880d7d419bb7e709b37e28deb5e68a49227713b623c72b2b931028ea65f619b",
                "sha256:9afd3f493666a0cd8f8df9a0200c6359ac53940cbde049dcb1a7eb6ee2dd7074",
                "sha256:a29650759a6a0944e7cca036674655c2f0f63806ddecc45ed40b7b8aa314b651",
                "sha256:a436e7881d33acaf2536c46a454bb964a50eff59b21b51c6ccf5a40601fbef24",
                "sha256:a59db0a2094d2259c554676403fa2fac3473ccf1354c1c63eccf7ae65aac8ab6",
                "sha256:a8471939da5e824b891b25751955be52ee7f8a30a916d570a5ba8e0f2eb2ecad",
                "sha256:b0bd97bea8903f5a2ba7219257a44e3f1f9d00073d6cc1add68f0beec69692ac",
                "sha256:b6a92a41ee34b883b359998f0c8e6eb8e99803aa8bf3123bf2b2e6fec505a221",
                "sha256:bb460c8561c8c1bec7824ecbc3ce085eb50005883a6203dcfb0122e95797ee06",
                "sha256:bfffba28dc52a58f04492181392ee380e95262af14ee01d4bc7bb1b1c6ca8d27",
                "sha256:c1c476bc7b7d021321e7d93dc2cbd78ce103b84d5a4cf97ed535fbc0d6660648",
                "sha256:c91dfc2c2a4e50df0026f88d2215e166616e0c80e86004d0003ece0488db2739",
                "sha256:e6663f91b6feca5d06f2ccd49a10f254f9298cc1f7f49c46e498a0771b507104"
            ],
            "index": "pypi",
            "version": "==23.1.0"
        },
        "cfgv": {
            "hashes": [
                "sha256:c6a0883f3917a037485059700b9e75da2464e6c27051014ad85ba6aaa5884426",
                "sha256:f5a830efb9ce7a445376bb66ec94c638a9787422f96264c98edc6bdeed8ab736"
            ],
            "markers": "python_full_version >= '3.6.1'",
            "version": "==3.3.1"
        },
        "click": {
            "hashes": [
                "sha256:7682dc8afb30297001674575ea00d1814d808d6a36af415a82bd481d37ba7b8e",
                "sha256:bb4d8133cb15a609f44e8213d9b391b0809795062913b383c62be0ee95b1db48"
            ],
            "markers": "python_version >= '3.7'",
            "version": "==8.1.3"
        },
        "coverage": {
            "extras": [
                "toml"
            ],
            "hashes": [
                "sha256:006ed5582e9cbc8115d2e22d6d2144a0725db542f654d9d4fda86793832f873d",
                "sha256:046936ab032a2810dcaafd39cc4ef6dd295df1a7cbead08fe996d4765fca9fe4",
                "sha256:0484d9dd1e6f481b24070c87561c8d7151bdd8b044c93ac99faafd01f695c78e",
                "sha256:0ce383d5f56d0729d2dd40e53fe3afeb8f2237244b0975e1427bfb2cf0d32bab",
                "sha256:186e0fc9cf497365036d51d4d2ab76113fb74f729bd25da0975daab2e107fd90",
                "sha256:2199988e0bc8325d941b209f4fd1c6fa007024b1442c5576f1a32ca2e48941e6",
                "sha256:299bc75cb2a41e6741b5e470b8c9fb78d931edbd0cd009c58e5c84de57c06731",
                "sha256:3668291b50b69a0c1ef9f462c7df2c235da3c4073f49543b01e7eb1dee7dd540",
                "sha256:36dd42da34fe94ed98c39887b86db9d06777b1c8f860520e21126a75507024f2",
                "sha256:38004671848b5745bb05d4d621526fca30cee164db42a1f185615f39dc997292",
                "sha256:387fb46cb8e53ba7304d80aadca5dca84a2fbf6fe3faf6951d8cf2d46485d1e5",
                "sha256:3eb55b7b26389dd4f8ae911ba9bc8c027411163839dea4c8b8be54c4ee9ae10b",
                "sha256:420f94a35e3e00a2b43ad5740f935358e24478354ce41c99407cddd283be00d2",
                "sha256:4ac0f522c3b6109c4b764ffec71bf04ebc0523e926ca7cbe6c5ac88f84faced0",
                "sha256:4c752d5264053a7cf2fe81c9e14f8a4fb261370a7bb344c2a011836a96fb3f57",
                "sha256:4f01911c010122f49a3e9bdc730eccc66f9b72bd410a3a9d3cb8448bb50d65d3",
                "sha256:4f68ee32d7c4164f1e2c8797535a6d0a3733355f5861e0f667e37df2d4b07140",
                "sha256:4fa54fb483decc45f94011898727802309a109d89446a3c76387d016057d2c84",
                "sha256:507e4720791977934bba016101579b8c500fb21c5fa3cd4cf256477331ddd988",
                "sha256:53d0fd4c17175aded9c633e319360d41a1f3c6e352ba94edcb0fa5167e2bad67",
                "sha256:55272f33da9a5d7cccd3774aeca7a01e500a614eaea2a77091e9be000ecd401d",
                "sha256:5764e1f7471cb8f64b8cda0554f3d4c4085ae4b417bfeab236799863703e5de2",
                "sha256:57b77b9099f172804e695a40ebaa374f79e4fb8b92f3e167f66facbf92e8e7f5",
                "sha256:5afdad4cc4cc199fdf3e18088812edcf8f4c5a3c8e6cb69127513ad4cb7471a9",
                "sha256:5cc0783844c84af2522e3a99b9b761a979a3ef10fb87fc4048d1ee174e18a7d8",
                "sha256:5e1df45c23d4230e3d56d04414f9057eba501f78db60d4eeecfcb940501b08fd",
                "sha256:6146910231ece63facfc5984234ad1b06a36cecc9fd0c028e59ac7c9b18c38c6",
                "sha256:797aad79e7b6182cb49c08cc5d2f7aa7b2128133b0926060d0a8889ac43843be",
                "sha256:7c20b731211261dc9739bbe080c579a1835b0c2d9b274e5fcd903c3a7821cf88",
                "sha256:817295f06eacdc8623dc4df7d8b49cea65925030d4e1e2a7c7218380c0072c25",
                "sha256:81f63e0fb74effd5be736cfe07d710307cc0a3ccb8f4741f7f053c057615a137",
                "sha256:872d6ce1f5be73f05bea4df498c140b9e7ee5418bfa2cc8204e7f9b817caa968",
                "sha256:8c99cb7c26a3039a8a4ee3ca1efdde471e61b4837108847fb7d5be7789ed8fd9",
                "sha256:8dbe2647bf58d2c5a6c5bcc685f23b5f371909a5624e9f5cd51436d6a9f6c6ef",
                "sha256:8efb48fa743d1c1a65ee8787b5b552681610f06c40a40b7ef94a5b517d885c54",
                "sha256:92ebc1619650409da324d001b3a36f14f63644c7f0a588e331f3b0f67491f512",
                "sha256:9d22e94e6dc86de981b1b684b342bec5e331401599ce652900ec59db52940005",
                "sha256:ba279aae162b20444881fc3ed4e4f934c1cf8620f3dab3b531480cf602c76b7f",
                "sha256:bc4803779f0e4b06a2361f666e76f5c2e3715e8e379889d02251ec911befd149",
                "sha256:bfe7085783cda55e53510482fa7b5efc761fad1abe4d653b32710eb548ebdd2d",
                "sha256:c448b5c9e3df5448a362208b8d4b9ed85305528313fca1b479f14f9fe0d873b8",
                "sha256:c90e73bdecb7b0d1cea65a08cb41e9d672ac6d7995603d6465ed4914b98b9ad7",
                "sha256:d2b96123a453a2d7f3995ddb9f28d01fd112319a7a4d5ca99796a7ff43f02af5",
                "sha256:d52f0a114b6a58305b11a5cdecd42b2e7f1ec77eb20e2b33969d702feafdd016",
                "sha256:d530191aa9c66ab4f190be8ac8cc7cfd8f4f3217da379606f3dd4e3d83feba69",
                "sha256:d683d230b5774816e7d784d7ed8444f2a40e7a450e5720d58af593cb0b94a212",
                "sha256:db45eec1dfccdadb179b0f9ca616872c6f700d23945ecc8f21bb105d74b1c5fc",
                "sha256:db8c2c5ace167fd25ab5dd732714c51d4633f58bac21fb0ff63b0349f62755a8",
                "sha256:e2926b8abedf750c2ecf5035c07515770944acf02e1c46ab08f6348d24c5f94d",
                "sha256:e627dee428a176ffb13697a2c4318d3f60b2ccdde3acdc9b3f304206ec130ccd",
                "sha256:efe1c0adad110bf0ad7fb59f833880e489a61e39d699d37249bdf42f80590169"
            ],
            "markers": "python_version >= '3.7'",
            "version": "==7.2.2"
        },
        "distlib": {
            "hashes": [
                "sha256:14bad2d9b04d3a36127ac97f30b12a19268f211063d8f8ee4f47108896e11b46",
                "sha256:f35c4b692542ca110de7ef0bea44d73981caeb34ca0b9b6b2e6d7790dda8f80e"
            ],
            "version": "==0.3.6"
        },
        "filelock": {
            "hashes": [
                "sha256:99d6282f732410d44242ca02aa49835cf5473e2dd4d6734a2a785c8889dc191e",
                "sha256:a26bfa34d26293e04886dff13fa8dd0c8c6e1a786b723c689755fe8939297410"
            ],
            "markers": "python_version >= '3.7'",
            "version": "==3.10.3"
        },
        "freezegun": {
            "hashes": [
                "sha256:cd22d1ba06941384410cd967d8a99d5ae2442f57dfafeff2fda5de8dc5c05446",
                "sha256:ea1b963b993cb9ea195adbd893a48d573fda951b0da64f60883d7e988b606c9f"
            ],
            "index": "pypi",
            "version": "==1.2.2"
        },
        "identify": {
            "hashes": [
                "sha256:69edcaffa8e91ae0f77d397af60f148b6b45a8044b2cc6d99cafa5b04793ff00",
                "sha256:7671a05ef9cfaf8ff63b15d45a91a1147a03aaccb2976d4e9bd047cbbc508471"
            ],
            "markers": "python_version >= '3.7'",
            "version": "==2.5.21"
        },
        "iniconfig": {
            "hashes": [
                "sha256:2d91e135bf72d31a410b17c16da610a82cb55f6b0477d1a902134b24a455b8b3",
                "sha256:b6a85871a79d2e3b22d2d1b94ac2824226a63c6b741c88f7ae975f18b6778374"
            ],
            "markers": "python_version >= '3.7'",
            "version": "==2.0.0"
        },
        "mypy-extensions": {
            "hashes": [
                "sha256:4392f6c0eb8a5668a69e23d168ffa70f0be9ccfd32b5cc2d26a34ae5b844552d",
                "sha256:75dbf8955dc00442a438fc4d0666508a9a97b6bd41aa2f0ffe9d2f2725af0782"
            ],
            "markers": "python_version >= '3.5'",
            "version": "==1.0.0"
        },
        "nodeenv": {
            "hashes": [
                "sha256:27083a7b96a25f2f5e1d8cb4b6317ee8aeda3bdd121394e5ac54e498028a042e",
                "sha256:e0e7f7dfb85fc5394c6fe1e8fa98131a2473e04311a45afb6508f7cf1836fa2b"
            ],
            "markers": "python_version >= '2.7' and python_version not in '3.0, 3.1, 3.2, 3.3, 3.4, 3.5, 3.6'",
            "version": "==1.7.0"
        },
        "packaging": {
            "hashes": [
                "sha256:714ac14496c3e68c99c29b00845f7a2b85f3bb6f1078fd9f72fd20f0570002b2",
                "sha256:b6ad297f8907de0fa2fe1ccbd26fdaf387f5f47c7275fedf8cce89f99446cf97"
            ],
            "markers": "python_version >= '3.7'",
            "version": "==23.0"
        },
        "pathspec": {
            "hashes": [
                "sha256:2798de800fa92780e33acca925945e9a19a133b715067cf165b8866c15a31687",
                "sha256:d8af70af76652554bd134c22b3e8a1cc46ed7d91edcdd721ef1a0c51a84a5293"
            ],
            "markers": "python_version >= '3.7'",
            "version": "==0.11.1"
        },
        "platformdirs": {
            "hashes": [
                "sha256:024996549ee88ec1a9aa99ff7f8fc819bb59e2c3477b410d90a16d32d6e707aa",
                "sha256:e5986afb596e4bb5bde29a79ac9061aa955b94fca2399b7aaac4090860920dd8"
            ],
            "markers": "python_version >= '3.7'",
            "version": "==3.1.1"
        },
        "pluggy": {
            "hashes": [
                "sha256:4224373bacce55f955a878bf9cfa763c1e360858e330072059e10bad68531159",
                "sha256:74134bbf457f031a36d68416e1509f34bd5ccc019f0bcc952c7b909d06b37bd3"
            ],
            "markers": "python_version >= '3.6'",
            "version": "==1.0.0"
        },
        "pre-commit": {
            "hashes": [
                "sha256:31ef31af7e474a8d8995027fefdfcf509b5c913ff31f2015b4ec4beb26a6f658",
                "sha256:e2f91727039fc39a92f58a588a25b87f936de6567eed4f0e673e0507edc75bad"
            ],
            "index": "pypi",
            "version": "==2.21.0"
        },
        "py": {
            "hashes": [
                "sha256:51c75c4126074b472f746a24399ad32f6053d1b34b68d2fa41e558e6f4a98719",
                "sha256:607c53218732647dff4acdfcd50cb62615cedf612e72d1724fb1a0cc6405b378"
            ],
            "markers": "python_version >= '2.7' and python_version not in '3.0, 3.1, 3.2, 3.3, 3.4'",
            "version": "==1.11.0"
        },
        "pytest": {
            "hashes": [
                "sha256:841132caef6b1ad17a9afde46dc4f6cfa59a05f9555aae5151f73bdf2820ca63",
                "sha256:92f723789a8fdd7180b6b06483874feca4c48a5c76968e03bb3e7f806a1869ea"
            ],
            "index": "pypi",
            "version": "==7.1.1"
        },
        "pytest-cov": {
            "hashes": [
                "sha256:578d5d15ac4a25e5f961c938b85a05b09fdaae9deef3bb6de9a6e766622ca7a6",
                "sha256:e7f0f5b1617d2210a2cabc266dfe2f4c75a8d32fb89eafb7ad9d06f6d076d470"
            ],
            "index": "pypi",
            "version": "==3.0.0"
        },
        "python-dateutil": {
            "hashes": [
                "sha256:0123cacc1627ae19ddf3c27a5de5bd67ee4586fbdd6440d9748f8abb483d3e86",
                "sha256:961d03dc3453ebbc59dbdea9e4e11c5651520a876d0f4db161e8674aae935da9"
            ],
            "markers": "python_version >= '2.7' and python_version not in '3.0, 3.1, 3.2, 3.3'",
            "version": "==2.8.2"
        },
        "pyyaml": {
            "hashes": [
                "sha256:02c78d77281d8f8d07a255e57abdbf43b02257f59f50cc6b636937d68efa5dd0",
                "sha256:0dc9f2eb2e3c97640928dec63fd8dc1dd91e6b6ed236bd5ac00332b99b5c2ff9",
                "sha256:124fd7c7bc1e95b1eafc60825f2daf67c73ce7b33f1194731240d24b0d1bf628",
                "sha256:26fcb33776857f4072601502d93e1a619f166c9c00befb52826e7b774efaa9db",
                "sha256:31ba07c54ef4a897758563e3a0fcc60077698df10180abe4b8165d9895c00ebf",
                "sha256:3c49e39ac034fd64fd576d63bb4db53cda89b362768a67f07749d55f128ac18a",
                "sha256:52bf0930903818e600ae6c2901f748bc4869c0c406056f679ab9614e5d21a166",
                "sha256:5a3f345acff76cad4aa9cb171ee76c590f37394186325d53d1aa25318b0d4a09",
                "sha256:5e7ac4e0e79a53451dc2814f6876c2fa6f71452de1498bbe29c0b54b69a986f4",
                "sha256:7242790ab6c20316b8e7bb545be48d7ed36e26bbe279fd56f2c4a12510e60b4b",
                "sha256:737bd70e454a284d456aa1fa71a0b429dd527bcbf52c5c33f7c8eee81ac16b89",
                "sha256:8635d53223b1f561b081ff4adecb828fd484b8efffe542edcfdff471997f7c39",
                "sha256:8b818b6c5a920cbe4203b5a6b14256f0e5244338244560da89b7b0f1313ea4b6",
                "sha256:8bf38641b4713d77da19e91f8b5296b832e4db87338d6aeffe422d42f1ca896d",
                "sha256:a36a48a51e5471513a5aea920cdad84cbd56d70a5057cca3499a637496ea379c",
                "sha256:b2243dd033fd02c01212ad5c601dafb44fbb293065f430b0d3dbf03f3254d615",
                "sha256:cc547d3ead3754712223abb7b403f0a184e4c3eae18c9bb7fd15adef1597cc4b",
                "sha256:cc552b6434b90d9dbed6a4f13339625dc466fd82597119897e9489c953acbc22",
                "sha256:f3790156c606299ff499ec44db422f66f05a7363b39eb9d5b064f17bd7d7c47b",
                "sha256:f7a21e3d99aa3095ef0553e7ceba36fb693998fbb1226f1392ce33681047465f",
                "sha256:fdc6b2cb4b19e431994f25a9160695cc59a4e861710cc6fc97161c5e845fc579"
            ],
            "index": "pypi",
            "version": "==5.4"
        },
        "setuptools": {
            "hashes": [
                "sha256:2ee892cd5f29f3373097f5a814697e397cf3ce313616df0af11231e2ad118077",
                "sha256:b78aaa36f6b90a074c1fa651168723acbf45d14cb1196b6f02c0fd07f17623b2"
            ],
            "markers": "python_version >= '3.7'",
            "version": "==67.6.0"
        },
        "six": {
            "hashes": [
                "sha256:1e61c37477a1626458e36f7b1d82aa5c9b094fa4802892072e49de9c60c4c926",
                "sha256:8abb2f1d86890a2dfb989f9a77cfcfd3e47c2a354b01111771326f8aa26e0254"
            ],
            "markers": "python_version >= '2.7' and python_version not in '3.0, 3.1, 3.2, 3.3'",
            "version": "==1.16.0"
        },
        "tomli": {
            "hashes": [
                "sha256:939de3e7a6161af0c887ef91b7d41a53e7c5a1ca976325f429cb46ea9bc30ecc",
                "sha256:de526c12914f0c550d15924c62d72abc48d6fe7364aa87328337a31007fe8a4f"
            ],
            "markers": "python_version >= '3.7'",
            "version": "==2.0.1"
        },
        "typing-extensions": {
            "hashes": [
                "sha256:5cb5f4a79139d699607b3ef622a1dedafa84e115ab0024e0d9c044a9479ca7cb",
                "sha256:fb33085c39dd998ac16d1431ebc293a8b3eedd00fd4a32de0ff79002c19511b4"
            ],
            "markers": "python_version < '3.10'",
            "version": "==4.5.0"
        },
        "virtualenv": {
            "hashes": [
                "sha256:31712f8f2a17bd06234fa97fdf19609e789dd4e3e4bf108c3da71d710651adbc",
                "sha256:f50e3e60f990a0757c9b68333c9fdaa72d7188caa417f96af9e52407831a3b68"
            ],
            "markers": "python_version >= '3.7'",
            "version": "==20.21.0"
        }
    }
}
